// !$*UTF8*$!
{
	archiveVersion = 1;
	classes = {
	};
	objectVersion = 46;
	objects = {

/* Begin PBXBuildFile section */
		332A5673DBF957D2742C58C1 /* MainMenu.xib in Resources */ = {isa = PBXBuildFile; fileRef = 332A5932D5386242D00F2CBC /* MainMenu.xib */; };
		332A5B07F79794302FA68BBD /* LanePositionSystem.swift in Sources */ = {isa = PBXBuildFile; fileRef = 332A5E7045800E24273A4FDA /* LanePositionSystem.swift */; };
		4725A0CA1D22DCC60019D20F /* Utilities.swift in Sources */ = {isa = PBXBuildFile; fileRef = 4725A0C91D22DCC60019D20F /* Utilities.swift */; };
		4725A0CC1D23B56C0019D20F /* Models.swift in Sources */ = {isa = PBXBuildFile; fileRef = 4725A0CB1D23B56C0019D20F /* Models.swift */; };
		4725A0CE1D23B61E0019D20F /* ComponentStore.swift in Sources */ = {isa = PBXBuildFile; fileRef = 4725A0CD1D23B61E0019D20F /* ComponentStore.swift */; };
		4725A0D01D23D6C70019D20F /* Renderer.swift in Sources */ = {isa = PBXBuildFile; fileRef = 4725A0CF1D23D6C70019D20F /* Renderer.swift */; };
		477698141D5C5C8A006F686A /* Nimble.framework in Frameworks */ = {isa = PBXBuildFile; fileRef = 477698121D5C5C8A006F686A /* Nimble.framework */; };
		477698151D5C5C8A006F686A /* Quick.framework in Frameworks */ = {isa = PBXBuildFile; fileRef = 477698131D5C5C8A006F686A /* Quick.framework */; };
		4776981C1D5C5EE4006F686A /* Nimble.framework in CopyFiles */ = {isa = PBXBuildFile; fileRef = 477698121D5C5C8A006F686A /* Nimble.framework */; settings = {ATTRIBUTES = (CodeSignOnCopy, RemoveHeadersOnCopy, ); }; };
		4776981D1D5C5EE4006F686A /* Quick.framework in CopyFiles */ = {isa = PBXBuildFile; fileRef = 477698131D5C5C8A006F686A /* Quick.framework */; settings = {ATTRIBUTES = (CodeSignOnCopy, RemoveHeadersOnCopy, ); }; };
		4776981F1D5C75CB006F686A /* ComponentStoreSpec.swift in Sources */ = {isa = PBXBuildFile; fileRef = 4776981E1D5C75CB006F686A /* ComponentStoreSpec.swift */; };
		47D3BFA31D15324300131B89 /* AppDelegate.swift in Sources */ = {isa = PBXBuildFile; fileRef = 47D3BFA21D15324300131B89 /* AppDelegate.swift */; };
		47D3BFA51D15324300131B89 /* GameViewController.swift in Sources */ = {isa = PBXBuildFile; fileRef = 47D3BFA41D15324300131B89 /* GameViewController.swift */; };
		47D3BFA71D15324300131B89 /* Shaders.metal in Sources */ = {isa = PBXBuildFile; fileRef = 47D3BFA61D15324300131B89 /* Shaders.metal */; };
		47D3BFA91D15324300131B89 /* Assets.xcassets in Resources */ = {isa = PBXBuildFile; fileRef = 47D3BFA81D15324300131B89 /* Assets.xcassets */; };
		47D3BFC21D16B0DE00131B89 /* Vertex.swift in Sources */ = {isa = PBXBuildFile; fileRef = 47D3BFC11D16B0DE00131B89 /* Vertex.swift */; };
		47D3BFC41D16BEF000131B89 /* Components.swift in Sources */ = {isa = PBXBuildFile; fileRef = 47D3BFC31D16BEF000131B89 /* Components.swift */; };
/* End PBXBuildFile section */

/* Begin PBXContainerItemProxy section */
		47D3BFB31D15324300131B89 /* PBXContainerItemProxy */ = {
			isa = PBXContainerItemProxy;
			containerPortal = 47D3BF971D15324300131B89 /* Project object */;
			proxyType = 1;
			remoteGlobalIDString = 47D3BF9E1D15324300131B89;
			remoteInfo = Harmony;
		};
/* End PBXContainerItemProxy section */

/* Begin PBXCopyFilesBuildPhase section */
		477698171D5C5EA0006F686A /* CopyFiles */ = {
			isa = PBXCopyFilesBuildPhase;
			buildActionMask = 2147483647;
			dstPath = "";
			dstSubfolderSpec = 10;
			files = (
				4776981C1D5C5EE4006F686A /* Nimble.framework in CopyFiles */,
				4776981D1D5C5EE4006F686A /* Quick.framework in CopyFiles */,
			);
			runOnlyForDeploymentPostprocessing = 0;
		};
/* End PBXCopyFilesBuildPhase section */

/* Begin PBXFileReference section */
		332A515CB621297BCBFA4E95 /* Base */ = {isa = PBXFileReference; lastKnownFileType = file.xib; name = Base; path = Harmony/Base.lproj/MainMenu.xib; sourceTree = SOURCE_ROOT; };
		332A5C0C060385152F005510 /* Info.plist */ = {isa = PBXFileReference; fileEncoding = 4; lastKnownFileType = text.plist.info; path = Info.plist; sourceTree = "<group>"; };
		332A5E7045800E24273A4FDA /* LanePositionSystem.swift */ = {isa = PBXFileReference; fileEncoding = 4; lastKnownFileType = sourcecode.swift; path = LanePositionSystem.swift; sourceTree = "<group>"; };
		4725A0C91D22DCC60019D20F /* Utilities.swift */ = {isa = PBXFileReference; fileEncoding = 4; lastKnownFileType = sourcecode.swift; path = Utilities.swift; sourceTree = "<group>"; };
		4725A0CB1D23B56C0019D20F /* Models.swift */ = {isa = PBXFileReference; fileEncoding = 4; lastKnownFileType = sourcecode.swift; path = Models.swift; sourceTree = "<group>"; };
		4725A0CD1D23B61E0019D20F /* ComponentStore.swift */ = {isa = PBXFileReference; fileEncoding = 4; lastKnownFileType = sourcecode.swift; path = ComponentStore.swift; sourceTree = "<group>"; };
		4725A0CF1D23D6C70019D20F /* Renderer.swift */ = {isa = PBXFileReference; fileEncoding = 4; lastKnownFileType = sourcecode.swift; path = Renderer.swift; sourceTree = "<group>"; };
		477698121D5C5C8A006F686A /* Nimble.framework */ = {isa = PBXFileReference; lastKnownFileType = wrapper.framework; name = Nimble.framework; path = Carthage/Build/Mac/Nimble.framework; sourceTree = "<group>"; };
		477698131D5C5C8A006F686A /* Quick.framework */ = {isa = PBXFileReference; lastKnownFileType = wrapper.framework; name = Quick.framework; path = Carthage/Build/Mac/Quick.framework; sourceTree = "<group>"; };
		4776981E1D5C75CB006F686A /* ComponentStoreSpec.swift */ = {isa = PBXFileReference; fileEncoding = 4; lastKnownFileType = sourcecode.swift; path = ComponentStoreSpec.swift; sourceTree = "<group>"; };
		47D3BF9F1D15324300131B89 /* Harmony.app */ = {isa = PBXFileReference; explicitFileType = wrapper.application; includeInIndex = 0; path = Harmony.app; sourceTree = BUILT_PRODUCTS_DIR; };
		47D3BFA21D15324300131B89 /* AppDelegate.swift */ = {isa = PBXFileReference; lastKnownFileType = sourcecode.swift; path = AppDelegate.swift; sourceTree = "<group>"; };
		47D3BFA41D15324300131B89 /* GameViewController.swift */ = {isa = PBXFileReference; lastKnownFileType = sourcecode.swift; path = GameViewController.swift; sourceTree = "<group>"; };
		47D3BFA61D15324300131B89 /* Shaders.metal */ = {isa = PBXFileReference; lastKnownFileType = sourcecode.metal; path = Shaders.metal; sourceTree = "<group>"; };
		47D3BFA81D15324300131B89 /* Assets.xcassets */ = {isa = PBXFileReference; lastKnownFileType = folder.assetcatalog; path = Assets.xcassets; sourceTree = "<group>"; };
		47D3BFB21D15324300131B89 /* HarmonyTests.xctest */ = {isa = PBXFileReference; explicitFileType = wrapper.cfbundle; includeInIndex = 0; path = HarmonyTests.xctest; sourceTree = BUILT_PRODUCTS_DIR; };
		47D3BFB81D15324300131B89 /* Info.plist */ = {isa = PBXFileReference; lastKnownFileType = text.plist.xml; path = Info.plist; sourceTree = "<group>"; };
		47D3BFC11D16B0DE00131B89 /* Vertex.swift */ = {isa = PBXFileReference; fileEncoding = 4; lastKnownFileType = sourcecode.swift; path = Vertex.swift; sourceTree = "<group>"; };
		47D3BFC31D16BEF000131B89 /* Components.swift */ = {isa = PBXFileReference; fileEncoding = 4; lastKnownFileType = sourcecode.swift; path = Components.swift; sourceTree = "<group>"; };
/* End PBXFileReference section */

/* Begin PBXFrameworksBuildPhase section */
		47D3BF9C1D15324300131B89 /* Frameworks */ = {
			isa = PBXFrameworksBuildPhase;
			buildActionMask = 2147483647;
			files = (
			);
			runOnlyForDeploymentPostprocessing = 0;
		};
		47D3BFAF1D15324300131B89 /* Frameworks */ = {
			isa = PBXFrameworksBuildPhase;
			buildActionMask = 2147483647;
			files = (
				477698141D5C5C8A006F686A /* Nimble.framework in Frameworks */,
				477698151D5C5C8A006F686A /* Quick.framework in Frameworks */,
			);
			runOnlyForDeploymentPostprocessing = 0;
		};
/* End PBXFrameworksBuildPhase section */

/* Begin PBXGroup section */
		332A5929F0D520E439576BE0 /* Supporting Files */ = {
			isa = PBXGroup;
			children = (
				332A5C0C060385152F005510 /* Info.plist */,
				332A5932D5386242D00F2CBC /* MainMenu.xib */,
			);
			path = "Supporting Files";
			sourceTree = "<group>";
		};
		477698161D5C5C93006F686A /* Frameworks */ = {
			isa = PBXGroup;
			children = (
				477698121D5C5C8A006F686A /* Nimble.framework */,
				477698131D5C5C8A006F686A /* Quick.framework */,
			);
			name = Frameworks;
			sourceTree = "<group>";
		};
		47D3BF961D15324300131B89 = {
			isa = PBXGroup;
			children = (
				47D3BFA11D15324300131B89 /* Harmony */,
				47D3BFB51D15324300131B89 /* HarmonyTests */,
				477698161D5C5C93006F686A /* Frameworks */,
				47D3BFA01D15324300131B89 /* Products */,
			);
			indentWidth = 4;
			sourceTree = "<group>";
			tabWidth = 4;
		};
		47D3BFA01D15324300131B89 /* Products */ = {
			isa = PBXGroup;
			children = (
				47D3BF9F1D15324300131B89 /* Harmony.app */,
				47D3BFB21D15324300131B89 /* HarmonyTests.xctest */,
			);
			name = Products;
			sourceTree = "<group>";
		};
		47D3BFA11D15324300131B89 /* Harmony */ = {
			isa = PBXGroup;
			children = (
				47D3BFA21D15324300131B89 /* AppDelegate.swift */,
				47D3BFA41D15324300131B89 /* GameViewController.swift */,
				4725A0CD1D23B61E0019D20F /* ComponentStore.swift */,
				47D3BFC31D16BEF000131B89 /* Components.swift */,
				4725A0CF1D23D6C70019D20F /* Renderer.swift */,
				4725A0C91D22DCC60019D20F /* Utilities.swift */,
				4725A0CB1D23B56C0019D20F /* Models.swift */,
				47D3BFC11D16B0DE00131B89 /* Vertex.swift */,
				47D3BFA61D15324300131B89 /* Shaders.metal */,
				47D3BFA81D15324300131B89 /* Assets.xcassets */,
				332A5929F0D520E439576BE0 /* Supporting Files */,
				332A5E7045800E24273A4FDA /* LanePositionSystem.swift */,
			);
			path = Harmony;
			sourceTree = "<group>";
		};
		47D3BFB51D15324300131B89 /* HarmonyTests */ = {
			isa = PBXGroup;
			children = (
				4776981E1D5C75CB006F686A /* ComponentStoreSpec.swift */,
				47D3BFB81D15324300131B89 /* Info.plist */,
			);
			path = HarmonyTests;
			sourceTree = "<group>";
		};
/* End PBXGroup section */

/* Begin PBXNativeTarget section */
		47D3BF9E1D15324300131B89 /* Harmony */ = {
			isa = PBXNativeTarget;
			buildConfigurationList = 47D3BFBB1D15324300131B89 /* Build configuration list for PBXNativeTarget "Harmony" */;
			buildPhases = (
				47D3BF9B1D15324300131B89 /* Sources */,
				47D3BF9C1D15324300131B89 /* Frameworks */,
				47D3BF9D1D15324300131B89 /* Resources */,
			);
			buildRules = (
			);
			dependencies = (
			);
			name = Harmony;
			productName = Harmony;
			productReference = 47D3BF9F1D15324300131B89 /* Harmony.app */;
			productType = "com.apple.product-type.application";
		};
		47D3BFB11D15324300131B89 /* HarmonyTests */ = {
			isa = PBXNativeTarget;
			buildConfigurationList = 47D3BFBE1D15324300131B89 /* Build configuration list for PBXNativeTarget "HarmonyTests" */;
			buildPhases = (
				47D3BFAE1D15324300131B89 /* Sources */,
				47D3BFAF1D15324300131B89 /* Frameworks */,
				47D3BFB01D15324300131B89 /* Resources */,
				477698171D5C5EA0006F686A /* CopyFiles */,
			);
			buildRules = (
			);
			dependencies = (
				47D3BFB41D15324300131B89 /* PBXTargetDependency */,
			);
			name = HarmonyTests;
			productName = HarmonyTests;
			productReference = 47D3BFB21D15324300131B89 /* HarmonyTests.xctest */;
			productType = "com.apple.product-type.bundle.unit-test";
		};
/* End PBXNativeTarget section */

/* Begin PBXProject section */
		47D3BF971D15324300131B89 /* Project object */ = {
			isa = PBXProject;
			attributes = {
				LastSwiftUpdateCheck = 0730;
				LastUpgradeCheck = 0730;
				ORGANIZATIONNAME = "Markus Kauppila";
				TargetAttributes = {
					47D3BF9E1D15324300131B89 = {
						CreatedOnToolsVersion = 7.3.1;
					};
					47D3BFB11D15324300131B89 = {
						CreatedOnToolsVersion = 7.3.1;
						TestTargetID = 47D3BF9E1D15324300131B89;
					};
				};
			};
			buildConfigurationList = 47D3BF9A1D15324300131B89 /* Build configuration list for PBXProject "Harmony" */;
			compatibilityVersion = "Xcode 3.2";
			developmentRegion = English;
			hasScannedForEncodings = 0;
			knownRegions = (
				en,
				Base,
			);
			mainGroup = 47D3BF961D15324300131B89;
			productRefGroup = 47D3BFA01D15324300131B89 /* Products */;
			projectDirPath = "";
			projectRoot = "";
			targets = (
				47D3BF9E1D15324300131B89 /* Harmony */,
				47D3BFB11D15324300131B89 /* HarmonyTests */,
			);
		};
/* End PBXProject section */

/* Begin PBXResourcesBuildPhase section */
		47D3BF9D1D15324300131B89 /* Resources */ = {
			isa = PBXResourcesBuildPhase;
			buildActionMask = 2147483647;
			files = (
				47D3BFA91D15324300131B89 /* Assets.xcassets in Resources */,
				332A5673DBF957D2742C58C1 /* MainMenu.xib in Resources */,
			);
			runOnlyForDeploymentPostprocessing = 0;
		};
		47D3BFB01D15324300131B89 /* Resources */ = {
			isa = PBXResourcesBuildPhase;
			buildActionMask = 2147483647;
			files = (
			);
			runOnlyForDeploymentPostprocessing = 0;
		};
/* End PBXResourcesBuildPhase section */

/* Begin PBXSourcesBuildPhase section */
		47D3BF9B1D15324300131B89 /* Sources */ = {
			isa = PBXSourcesBuildPhase;
			buildActionMask = 2147483647;
			files = (
				4725A0CA1D22DCC60019D20F /* Utilities.swift in Sources */,
				47D3BFA71D15324300131B89 /* Shaders.metal in Sources */,
				4725A0CE1D23B61E0019D20F /* ComponentStore.swift in Sources */,
				47D3BFC41D16BEF000131B89 /* Components.swift in Sources */,
				47D3BFC21D16B0DE00131B89 /* Vertex.swift in Sources */,
				47D3BFA51D15324300131B89 /* GameViewController.swift in Sources */,
				47D3BFA31D15324300131B89 /* AppDelegate.swift in Sources */,
				4725A0D01D23D6C70019D20F /* Renderer.swift in Sources */,
				4725A0CC1D23B56C0019D20F /* Models.swift in Sources */,
				332A5B07F79794302FA68BBD /* LanePositionSystem.swift in Sources */,
			);
			runOnlyForDeploymentPostprocessing = 0;
		};
		47D3BFAE1D15324300131B89 /* Sources */ = {
			isa = PBXSourcesBuildPhase;
			buildActionMask = 2147483647;
			files = (
				4776981F1D5C75CB006F686A /* ComponentStoreSpec.swift in Sources */,
			);
			runOnlyForDeploymentPostprocessing = 0;
		};
/* End PBXSourcesBuildPhase section */

/* Begin PBXTargetDependency section */
		47D3BFB41D15324300131B89 /* PBXTargetDependency */ = {
			isa = PBXTargetDependency;
			target = 47D3BF9E1D15324300131B89 /* Harmony */;
			targetProxy = 47D3BFB31D15324300131B89 /* PBXContainerItemProxy */;
		};
/* End PBXTargetDependency section */

/* Begin PBXVariantGroup section */
		332A5932D5386242D00F2CBC /* MainMenu.xib */ = {
			isa = PBXVariantGroup;
			children = (
				332A515CB621297BCBFA4E95 /* Base */,
			);
			name = MainMenu.xib;
			sourceTree = "<group>";
		};
/* End PBXVariantGroup section */

/* Begin XCBuildConfiguration section */
		47D3BFB91D15324300131B89 /* Debug */ = {
			isa = XCBuildConfiguration;
			buildSettings = {
				ALWAYS_SEARCH_USER_PATHS = NO;
				CLANG_ANALYZER_NONNULL = YES;
				CLANG_CXX_LANGUAGE_STANDARD = "gnu++0x";
				CLANG_CXX_LIBRARY = "libc++";
				CLANG_ENABLE_MODULES = YES;
				CLANG_ENABLE_OBJC_ARC = YES;
				CLANG_WARN_BOOL_CONVERSION = YES;
				CLANG_WARN_CONSTANT_CONVERSION = YES;
				CLANG_WARN_DIRECT_OBJC_ISA_USAGE = YES_ERROR;
				CLANG_WARN_EMPTY_BODY = YES;
				CLANG_WARN_ENUM_CONVERSION = YES;
				CLANG_WARN_INT_CONVERSION = YES;
				CLANG_WARN_OBJC_ROOT_CLASS = YES_ERROR;
				CLANG_WARN_UNREACHABLE_CODE = YES;
				CLANG_WARN__DUPLICATE_METHOD_MATCH = YES;
				CODE_SIGN_IDENTITY = "-";
				COPY_PHASE_STRIP = NO;
				DEBUG_INFORMATION_FORMAT = "dwarf-with-dsym";
				ENABLE_STRICT_OBJC_MSGSEND = YES;
				ENABLE_TESTABILITY = YES;
				GCC_C_LANGUAGE_STANDARD = gnu99;
				GCC_DYNAMIC_NO_PIC = NO;
				GCC_NO_COMMON_BLOCKS = YES;
				GCC_OPTIMIZATION_LEVEL = 0;
				GCC_PREPROCESSOR_DEFINITIONS = (
					"DEBUG=1",
					"$(inherited)",
				);
				GCC_WARN_64_TO_32_BIT_CONVERSION = YES;
				GCC_WARN_ABOUT_RETURN_TYPE = YES_ERROR;
				GCC_WARN_UNDECLARED_SELECTOR = YES;
				GCC_WARN_UNINITIALIZED_AUTOS = YES_AGGRESSIVE;
				GCC_WARN_UNUSED_FUNCTION = YES;
				GCC_WARN_UNUSED_VARIABLE = YES;
				MACOSX_DEPLOYMENT_TARGET = 10.11;
				MTL_ENABLE_DEBUG_INFO = YES;
				ONLY_ACTIVE_ARCH = YES;
				SDKROOT = macosx;
				SWIFT_OPTIMIZATION_LEVEL = "-Onone";
			};
			name = Debug;
		};
		47D3BFBA1D15324300131B89 /* Release */ = {
			isa = XCBuildConfiguration;
			buildSettings = {
				ALWAYS_SEARCH_USER_PATHS = NO;
				CLANG_ANALYZER_NONNULL = YES;
				CLANG_CXX_LANGUAGE_STANDARD = "gnu++0x";
				CLANG_CXX_LIBRARY = "libc++";
				CLANG_ENABLE_MODULES = YES;
				CLANG_ENABLE_OBJC_ARC = YES;
				CLANG_WARN_BOOL_CONVERSION = YES;
				CLANG_WARN_CONSTANT_CONVERSION = YES;
				CLANG_WARN_DIRECT_OBJC_ISA_USAGE = YES_ERROR;
				CLANG_WARN_EMPTY_BODY = YES;
				CLANG_WARN_ENUM_CONVERSION = YES;
				CLANG_WARN_INT_CONVERSION = YES;
				CLANG_WARN_OBJC_ROOT_CLASS = YES_ERROR;
				CLANG_WARN_UNREACHABLE_CODE = YES;
				CLANG_WARN__DUPLICATE_METHOD_MATCH = YES;
				CODE_SIGN_IDENTITY = "-";
				COPY_PHASE_STRIP = NO;
				DEBUG_INFORMATION_FORMAT = "dwarf-with-dsym";
				ENABLE_NS_ASSERTIONS = NO;
				ENABLE_STRICT_OBJC_MSGSEND = YES;
				GCC_C_LANGUAGE_STANDARD = gnu99;
				GCC_NO_COMMON_BLOCKS = YES;
				GCC_WARN_64_TO_32_BIT_CONVERSION = YES;
				GCC_WARN_ABOUT_RETURN_TYPE = YES_ERROR;
				GCC_WARN_UNDECLARED_SELECTOR = YES;
				GCC_WARN_UNINITIALIZED_AUTOS = YES_AGGRESSIVE;
				GCC_WARN_UNUSED_FUNCTION = YES;
				GCC_WARN_UNUSED_VARIABLE = YES;
				MACOSX_DEPLOYMENT_TARGET = 10.11;
				MTL_ENABLE_DEBUG_INFO = NO;
				SDKROOT = macosx;
			};
			name = Release;
		};
		47D3BFBC1D15324300131B89 /* Debug */ = {
			isa = XCBuildConfiguration;
			buildSettings = {
				ASSETCATALOG_COMPILER_APPICON_NAME = AppIcon;
				COMBINE_HIDPI_IMAGES = YES;
				INFOPLIST_FILE = "$(SRCROOT)/Harmony/Supporting Files/Info.plist";
				LD_RUNPATH_SEARCH_PATHS = "$(inherited) @executable_path/../Frameworks";
				PRODUCT_BUNDLE_IDENTIFIER = without.pants.Harmony;
				PRODUCT_NAME = "$(TARGET_NAME)";
			};
			name = Debug;
		};
		47D3BFBD1D15324300131B89 /* Release */ = {
			isa = XCBuildConfiguration;
			buildSettings = {
				ASSETCATALOG_COMPILER_APPICON_NAME = AppIcon;
				COMBINE_HIDPI_IMAGES = YES;
				INFOPLIST_FILE = "$(SRCROOT)/Harmony/Supporting Files/Info.plist";
				LD_RUNPATH_SEARCH_PATHS = "$(inherited) @executable_path/../Frameworks";
				PRODUCT_BUNDLE_IDENTIFIER = without.pants.Harmony;
				PRODUCT_NAME = "$(TARGET_NAME)";
			};
			name = Release;
		};
		47D3BFBF1D15324300131B89 /* Debug */ = {
			isa = XCBuildConfiguration;
			buildSettings = {
				BUNDLE_LOADER = "$(TEST_HOST)";
				COMBINE_HIDPI_IMAGES = YES;
				DEBUG_INFORMATION_FORMAT = dwarf;
				FRAMEWORK_SEARCH_PATHS = (
					"$(inherited)",
					"$(PROJECT_DIR)/Carthage/Build/Mac",
				);
				INFOPLIST_FILE = HarmonyTests/Info.plist;
				LD_RUNPATH_SEARCH_PATHS = "$(inherited) @executable_path/../Frameworks @loader_path/../Frameworks";
				PRODUCT_BUNDLE_IDENTIFIER = without.pants.HarmonyTests;
				PRODUCT_NAME = "$(TARGET_NAME)";
				TEST_HOST = "$(BUILT_PRODUCTS_DIR)/Harmony.app/Contents/MacOS/Harmony";
			};
			name = Debug;
		};
		47D3BFC01D15324300131B89 /* Release */ = {
			isa = XCBuildConfiguration;
			buildSettings = {
				BUNDLE_LOADER = "$(TEST_HOST)";
				COMBINE_HIDPI_IMAGES = YES;
				FRAMEWORK_SEARCH_PATHS = (
					"$(inherited)",
					"$(PROJECT_DIR)/Carthage/Build/Mac",
				);
				INFOPLIST_FILE = HarmonyTests/Info.plist;
				LD_RUNPATH_SEARCH_PATHS = "$(inherited) @executable_path/../Frameworks @loader_path/../Frameworks";
				PRODUCT_BUNDLE_IDENTIFIER = without.pants.HarmonyTests;
				PRODUCT_NAME = "$(TARGET_NAME)";
				TEST_HOST = "$(BUILT_PRODUCTS_DIR)/Harmony.app/Contents/MacOS/Harmony";
			};
			name = Release;
		};
/* End XCBuildConfiguration section */

/* Begin XCConfigurationList section */
		47D3BF9A1D15324300131B89 /* Build configuration list for PBXProject "Harmony" */ = {
			isa = XCConfigurationList;
			buildConfigurations = (
				47D3BFB91D15324300131B89 /* Debug */,
				47D3BFBA1D15324300131B89 /* Release */,
			);
			defaultConfigurationIsVisible = 0;
			defaultConfigurationName = Release;
		};
		47D3BFBB1D15324300131B89 /* Build configuration list for PBXNativeTarget "Harmony" */ = {
			isa = XCConfigurationList;
			buildConfigurations = (
				47D3BFBC1D15324300131B89 /* Debug */,
				47D3BFBD1D15324300131B89 /* Release */,
			);
			defaultConfigurationIsVisible = 0;
			defaultConfigurationName = Release;
		};
		47D3BFBE1D15324300131B89 /* Build configuration list for PBXNativeTarget "HarmonyTests" */ = {
			isa = XCConfigurationList;
			buildConfigurations = (
				47D3BFBF1D15324300131B89 /* Debug */,
				47D3BFC01D15324300131B89 /* Release */,
			);
			defaultConfigurationIsVisible = 0;
			defaultConfigurationName = Release;
		};
/* End XCConfigurationList section */
	};
	rootObject = 47D3BF971D15324300131B89 /* Project object */;
}
